
Microsoft Visual Studio Solution File, Format Version 12.00
# Visual Studio Version 17
VisualStudioVersion = 17.4.33213.308
MinimumVisualStudioVersion = 10.0.40219.1
Project("{FAE04EC0-301F-11D3-BF4B-00C04F79EFBC}") = "Demo_intern", "Demo_intern\Demo_intern.csproj", "{08068561-BE1F-414D-9C4D-BCBF9C486890}"
EndProject
Global
	GlobalSection(SolutionConfigurationPlatforms) = preSolution
		Debug|Any CPU = Debug|Any CPU
		Release|Any CPU = Release|Any CPU
	EndGlobalSection
	GlobalSection(ProjectConfigurationPlatforms) = postSolution
		{08068561-BE1F-414D-9C4D-BCBF9C486890}.Debug|Any CPU.ActiveCfg = Debug|Any CPU
		{08068561-BE1F-414D-9C4D-BCBF9C486890}.Debug|Any CPU.Build.0 = Debug|Any CPU
		{08068561-BE1F-414D-9C4D-BCBF9C486890}.Release|Any CPU.ActiveCfg = Release|Any CPU
		{08068561-BE1F-414D-9C4D-BCBF9C486890}.Release|Any CPU.Build.0 = Release|Any CPU
	EndGlobalSection
	GlobalSection(SolutionProperties) = preSolution
		HideSolutionNode = FALSE
	EndGlobalSection
	GlobalSection(ExtensibilityGlobals) = postSolution
		SolutionGuid = {25002C8B-7AF0-4AFE-A41E-4F49858F89D8}
	EndGlobalSection
EndGlobal
